
Microsoft Visual Studio Solution File, Format Version 12.00
Project("{FAE04EC0-301F-11D3-BF4B-00C04F79EFBC}") = "Masai_Web", "Masai_Web\Masai_Web.csproj", "{4B9D5B49-5CE0-4021-B9FD-4EA90E214225}"
EndProject
Project("{FAE04EC0-301F-11D3-BF4B-00C04F79EFBC}") = "Data", "Data\Data.csproj", "{8A4BC6E3-CCBC-4978-9EEC-A6A95EF28390}"
EndProject
Project("{FAE04EC0-301F-11D3-BF4B-00C04F79EFBC}") = "Core", "Core\Core.csproj", "{F560B5EE-0757-47C1-8FC5-BAD9A7FDD703}"
EndProject
Global
	GlobalSection(SolutionConfigurationPlatforms) = preSolution
		Debug|Any CPU = Debug|Any CPU
		Release|Any CPU = Release|Any CPU
	EndGlobalSection
	GlobalSection(ProjectConfigurationPlatforms) = postSolution
		{4B9D5B49-5CE0-4021-B9FD-4EA90E214225}.Debug|Any CPU.ActiveCfg = Debug|Any CPU
		{4B9D5B49-5CE0-4021-B9FD-4EA90E214225}.Debug|Any CPU.Build.0 = Debug|Any CPU
		{4B9D5B49-5CE0-4021-B9FD-4EA90E214225}.Release|Any CPU.ActiveCfg = Release|Any CPU
		{4B9D5B49-5CE0-4021-B9FD-4EA90E214225}.Release|Any CPU.Build.0 = Release|Any CPU
		{8A4BC6E3-CCBC-4978-9EEC-A6A95EF28390}.Debug|Any CPU.ActiveCfg = Debug|Any CPU
		{8A4BC6E3-CCBC-4978-9EEC-A6A95EF28390}.Debug|Any CPU.Build.0 = Debug|Any CPU
		{8A4BC6E3-CCBC-4978-9EEC-A6A95EF28390}.Release|Any CPU.ActiveCfg = Release|Any CPU
		{8A4BC6E3-CCBC-4978-9EEC-A6A95EF28390}.Release|Any CPU.Build.0 = Release|Any CPU
		{F560B5EE-0757-47C1-8FC5-BAD9A7FDD703}.Debug|Any CPU.ActiveCfg = Debug|Any CPU
		{F560B5EE-0757-47C1-8FC5-BAD9A7FDD703}.Debug|Any CPU.Build.0 = Debug|Any CPU
		{F560B5EE-0757-47C1-8FC5-BAD9A7FDD703}.Release|Any CPU.ActiveCfg = Release|Any CPU
		{F560B5EE-0757-47C1-8FC5-BAD9A7FDD703}.Release|Any CPU.Build.0 = Release|Any CPU
	EndGlobalSection
EndGlobal
